<?xml version="1.0" encoding="utf-8"?>
<Project ToolsVersion="4.0" xmlns="http://schemas.microsoft.com/developer/msbuild/2003">
  <ItemGroup>
    <Filter Include="Source Files">
      <UniqueIdentifier>{4FC737F1-C7A5-4376-A066-2A32D752A2FF}</UniqueIdentifier>
      <Extensions>cpp;c;cc;cxx;c++;def;odl;idl;hpj;bat;asm;asmx</Extensions>
    </Filter>
    <Filter Include="Header Files">
      <UniqueIdentifier>{93995380-89BD-4b04-88EB-625FBE52EBFB}</UniqueIdentifier>
      <Extensions>h;hh;hpp;hxx;h++;hm;inl;inc;ipp;xsd</Extensions>
    </Filter>
    <Filter Include="Resource Files">
      <UniqueIdentifier>{67DA6AB6-F800-4c08-8B7A-83BB121AAD01}</UniqueIdentifier>
      <Extensions>rc;ico;cur;bmp;dlg;rc2;rct;bin;rgs;gif;jpg;jpeg;jpe;resx;tiff;tif;png;wav;mfcribbon-ms</Extensions>
    </Filter>
  </ItemGroup>
  <ItemGroup>
    <ClCompile Include="Main.c">
      <Filter>Source Files</Filter>
    </ClCompile>
    <ClCompile Include="C_WIN32_multithread.c">
      <Filter>Source Files</Filter>
    </ClCompile>
    <ClCompile Include="Complicated_definition.c">
      <Filter>Source Files</Filter>
    </ClCompile>
    <ClCompile Include="FuncSwitch.c">
      <Filter>Source Files</Filter>
    </ClCompile>
    <ClCompile Include="FIFO_as_LL.c">
      <Filter>Source Files</Filter>
    </ClCompile>
    <ClCompile Include="ParseFormat.c">
      <Filter>Source Files</Filter>
    </ClCompile>
    <ClCompile Include="Pool_of_functions.c">
      <Filter>Source Files</Filter>
    </ClCompile>
    <ClCompile Include="BitArr.c">
      <Filter>Source Files</Filter>
    </ClCompile>
    <ClCompile Include="u64.c">
      <Filter>Source Files</Filter>
    </ClCompile>
    <ClCompile Include="f2hex.c">
      <Filter>Source Files</Filter>
    </ClCompile>
  </ItemGroup>
  <ItemGroup>
    <ClInclude Include="Pool_of_functions.h">
      <Filter>Header Files</Filter>
    </ClInclude>
    <ClInclude Include="CordCalc2.h">
      <Filter>Header Files</Filter>
    </ClInclude>
    <ClInclude Include="FIFO_as_LL.h">
      <Filter>Header Files</Filter>
    </ClInclude>
    <ClInclude Include="ParseFormat.h">
      <Filter>Header Files</Filter>
    </ClInclude>
    <ClInclude Include="CmnInc.h">
      <Filter>Header Files</Filter>
    </ClInclude>
  </ItemGroup>
  <ItemGroup>
    <Text Include="difference.txt">
      <Filter>Resource Files</Filter>
    </Text>
  </ItemGroup>
</Project>